
Microsoft Visual Studio Solution File, Format Version 12.00
# Visual Studio 15
VisualStudioVersion = 15.0.27703.2042
MinimumVisualStudioVersion = 10.0.40219.1
Project("{FAE04EC0-301F-11D3-BF4B-00C04F79EFBC}") = "LoanPaymentCalculator", "LoanPaymentCalculator\LoanPaymentCalculator.csproj", "{BD396E47-8805-4132-89E3-72F2E9789CAD}"
EndProject
Global
	GlobalSection(SolutionConfigurationPlatforms) = preSolution
		Debug|Any CPU = Debug|Any CPU
		Release|Any CPU = Release|Any CPU
	EndGlobalSection
	GlobalSection(ProjectConfigurationPlatforms) = postSolution
		{BD396E47-8805-4132-89E3-72F2E9789CAD}.Debug|Any CPU.ActiveCfg = Debug|Any CPU
		{BD396E47-8805-4132-89E3-72F2E9789CAD}.Debug|Any CPU.Build.0 = Debug|Any CPU
		{BD396E47-8805-4132-89E3-72F2E9789CAD}.Release|Any CPU.ActiveCfg = Release|Any CPU
		{BD396E47-8805-4132-89E3-72F2E9789CAD}.Release|Any CPU.Build.0 = Release|Any CPU
	EndGlobalSection
	GlobalSection(SolutionProperties) = preSolution
		HideSolutionNode = FALSE
	EndGlobalSection
	GlobalSection(ExtensibilityGlobals) = postSolution
		SolutionGuid = {78E59127-0CE6-41AA-82D1-AE0D2FC2864E}
	EndGlobalSection
EndGlobal
